
Microsoft Visual Studio Solution File, Format Version 12.00
# Visual Studio Version 16
VisualStudioVersion = 16.0.29709.97
MinimumVisualStudioVersion = 10.0.40219.1
Project("{FAE04EC0-301F-11D3-BF4B-00C04F79EFBC}") = "SalesWebMvcUdemyFinalProject", "SalesWebMvcUdemyFinalProject\SalesWebMvcUdemyFinalProject.csproj", "{99BB42E9-428C-4E0F-9CA5-48D5A6C1B223}"
EndProject
Global
	GlobalSection(SolutionConfigurationPlatforms) = preSolution
		Debug|Any CPU = Debug|Any CPU
		Release|Any CPU = Release|Any CPU
	EndGlobalSection
	GlobalSection(ProjectConfigurationPlatforms) = postSolution
		{99BB42E9-428C-4E0F-9CA5-48D5A6C1B223}.Debug|Any CPU.ActiveCfg = Debug|Any CPU
		{99BB42E9-428C-4E0F-9CA5-48D5A6C1B223}.Debug|Any CPU.Build.0 = Debug|Any CPU
		{99BB42E9-428C-4E0F-9CA5-48D5A6C1B223}.Release|Any CPU.ActiveCfg = Release|Any CPU
		{99BB42E9-428C-4E0F-9CA5-48D5A6C1B223}.Release|Any CPU.Build.0 = Release|Any CPU
	EndGlobalSection
	GlobalSection(SolutionProperties) = preSolution
		HideSolutionNode = FALSE
	EndGlobalSection
	GlobalSection(ExtensibilityGlobals) = postSolution
		SolutionGuid = {389B973B-28D0-440D-9C2F-07FD41CA1B4F}
	EndGlobalSection
EndGlobal
